
Microsoft Visual Studio Solution File, Format Version 12.00
# Visual Studio Version 16
VisualStudioVersion = 16.0.29509.3
MinimumVisualStudioVersion = 10.0.40219.1
Project("{FAE04EC0-301F-11D3-BF4B-00C04F79EFBC}") = "Users", "Users\Users.csproj", "{F1BDD51A-3A6E-49DC-ACA9-6DAAB370EFBD}"
EndProject
Global
	GlobalSection(SolutionConfigurationPlatforms) = preSolution
		Debug|Any CPU = Debug|Any CPU
		Release|Any CPU = Release|Any CPU
	EndGlobalSection
	GlobalSection(ProjectConfigurationPlatforms) = postSolution
		{F1BDD51A-3A6E-49DC-ACA9-6DAAB370EFBD}.Debug|Any CPU.ActiveCfg = Debug|Any CPU
		{F1BDD51A-3A6E-49DC-ACA9-6DAAB370EFBD}.Debug|Any CPU.Build.0 = Debug|Any CPU
		{F1BDD51A-3A6E-49DC-ACA9-6DAAB370EFBD}.Release|Any CPU.ActiveCfg = Release|Any CPU
		{F1BDD51A-3A6E-49DC-ACA9-6DAAB370EFBD}.Release|Any CPU.Build.0 = Release|Any CPU
	EndGlobalSection
	GlobalSection(SolutionProperties) = preSolution
		HideSolutionNode = FALSE
	EndGlobalSection
	GlobalSection(ExtensibilityGlobals) = postSolution
		SolutionGuid = {2C9E6832-E42A-4B5B-B477-1EEE1A04A97B}
	EndGlobalSection
EndGlobal
